
Microsoft Visual Studio Solution File, Format Version 12.00
# Visual Studio 2012
Project("{FAE04EC0-301F-11D3-BF4B-00C04F79EFBC}") = "PokerHand", "PokerHands\PokerHand.csproj", "{00E7B4A1-41B8-41D5-B1CE-1D33A197AD3F}"
EndProject
Global
	GlobalSection(SolutionConfigurationPlatforms) = preSolution
		Debug|Any CPU = Debug|Any CPU
		Release|Any CPU = Release|Any CPU
	EndGlobalSection
	GlobalSection(ProjectConfigurationPlatforms) = postSolution
		{00E7B4A1-41B8-41D5-B1CE-1D33A197AD3F}.Debug|Any CPU.ActiveCfg = Debug|Any CPU
		{00E7B4A1-41B8-41D5-B1CE-1D33A197AD3F}.Debug|Any CPU.Build.0 = Debug|Any CPU
		{00E7B4A1-41B8-41D5-B1CE-1D33A197AD3F}.Release|Any CPU.ActiveCfg = Release|Any CPU
		{00E7B4A1-41B8-41D5-B1CE-1D33A197AD3F}.Release|Any CPU.Build.0 = Release|Any CPU
	EndGlobalSection
EndGlobal
